
Microsoft Visual Studio Solution File, Format Version 12.00
# 17
VisualStudioVersion = 17.11.35208.52
MinimumVisualStudioVersion = 10.0.40219.1
Project("{2150E333-8FDC-42A3-9474-1A3956D46DE8}") = "Solution Items", "Solution Items", "{AF7B683A-2E4F-4DBD-8A60-80E2F60EEBE4}"
	ProjectSection(SolutionItems) = preProject
		.editorconfig = .editorconfig
		.gitattributes = .gitattributes
		.gitignore = .gitignore
		LICENSE.txt = LICENSE.txt
		README.md = README.md
		.husky\task-runner.json = .husky\task-runner.json
	EndProjectSection
EndProject
Project("{9A19103F-16F7-4668-BE54-9A1E7A4F7556}") = "Common", "Common\Common.csproj", "{41DCD63C-325D-4112-B2AC-3A81A655EE37}"
EndProject
Project("{9A19103F-16F7-4668-BE54-9A1E7A4F7556}") = "AdventureGame", "AdventureGame\AdventureGame.csproj", "{017B16B6-B3E2-4BC6-B563-6C49E138D40A}"
EndProject
Project("{2150E333-8FDC-42A3-9474-1A3956D46DE8}") = "Edexcel BTEC", "Edexcel BTEC", "{1807E94B-12A3-4F32-9392-C5F1C63F2558}"
EndProject
Project("{FAE04EC0-301F-11D3-BF4B-00C04F79EFBC}") = "EliteAthletics", "Edexcel BTEC\EliteAthletics\EliteAthletics.csproj", "{5CC4928B-9916-4F15-98B9-606C1A3C49D7}"
EndProject
Project("{FAE04EC0-301F-11D3-BF4B-00C04F79EFBC}") = "GymFeedback", "Edexcel BTEC\GymFeedback\GymFeedback.csproj", "{2269D2ED-CE61-4F47-91BA-96C14F26CF34}"
EndProject
Project("{FAE04EC0-301F-11D3-BF4B-00C04F79EFBC}") = "PasswordRating", "Edexcel BTEC\PasswordRating\PasswordRating.csproj", "{69927D4C-00F9-4BB5-A073-32C24CD6DC5C}"
EndProject
Project("{FAE04EC0-301F-11D3-BF4B-00C04F79EFBC}") = "PupilTestResults", "Edexcel BTEC\PupilTestResults\PupilTestResults.csproj", "{7BF3285F-318B-433B-8B85-378B79F3DB0C}"
EndProject
Project("{FAE04EC0-301F-11D3-BF4B-00C04F79EFBC}") = "SalesManager", "Edexcel BTEC\SalesManager\SalesManager.csproj", "{A8CF1426-3940-4EF5-83C5-35FE37632446}"
EndProject
Project("{FAE04EC0-301F-11D3-BF4B-00C04F79EFBC}") = "SchoolSportsDay", "Edexcel BTEC\SchoolSportsDay\SchoolSportsDay.csproj", "{0D04C690-2FCF-473F-8F45-65D5AA12A851}"
EndProject
Project("{FAE04EC0-301F-11D3-BF4B-00C04F79EFBC}") = "ShapeCalculations", "Edexcel BTEC\ShapeCalculations\ShapeCalculations.csproj", "{ED7637CD-1D53-4B2E-8AC4-5C6C6039B156}"
EndProject
Project("{FAE04EC0-301F-11D3-BF4B-00C04F79EFBC}") = "EmployeeSalary", "Edexcel BTEC\EmployeeSalary\EmployeeSalary.csproj", "{ED848D9C-3D41-464C-A042-1AB944035CBD}"
EndProject
Project("{FAE04EC0-301F-11D3-BF4B-00C04F79EFBC}") = "MovieTickets", "Edexcel BTEC\MovieTickets\MovieTickets.csproj", "{BB50623A-52F5-498B-9B72-E08E9BF90094}"
EndProject
Project("{FAE04EC0-301F-11D3-BF4B-00C04F79EFBC}") = "LoanRepayment", "Edexcel BTEC\LoanRepayment\LoanRepayment.csproj", "{37482314-6298-4502-9E8A-C936422C4934}"
EndProject
Project("{FAE04EC0-301F-11D3-BF4B-00C04F79EFBC}") = "CurrencyConversion", "Edexcel BTEC\CurrencyConversion\CurrencyConversion.csproj", "{4F8539B2-A389-4FB9-9368-0E7C66CD3FA2}"
EndProject
Project("{FAE04EC0-301F-11D3-BF4B-00C04F79EFBC}") = "PizzaOrder", "Edexcel BTEC\PizzaOrder\PizzaOrder.csproj", "{AB8C5667-92FB-42E3-96A5-A1426A0A09B0}"
EndProject
Project("{2150E333-8FDC-42A3-9474-1A3956D46DE8}") = "Board Games", "Board Games", "{CA30508C-62A9-4DF7-91E8-35905E0752CD}"
EndProject
Project("{FAE04EC0-301F-11D3-BF4B-00C04F79EFBC}") = "HeadsOrTails", "Board Games\HeadsOrTails\HeadsOrTails.csproj", "{5FD92216-C150-4118-8281-A200285C4FE0}"
EndProject
Project("{FAE04EC0-301F-11D3-BF4B-00C04F79EFBC}") = "Rps", "Board Games\Rps\Rps.csproj", "{9A0A3E03-D04A-4C59-ACE4-3F6FC8EAC334}"
EndProject
Project("{FAE04EC0-301F-11D3-BF4B-00C04F79EFBC}") = "TicTacToe", "Board Games\TicTacToe\TicTacToe.csproj", "{3992E3B9-4D0C-4576-9A48-242212F6A3B2}"
EndProject
Project("{FAE04EC0-301F-11D3-BF4B-00C04F79EFBC}") = "BoardGames", "Board Games\BoardGames\BoardGames.csproj", "{08D83E44-3AAF-42A1-8F3A-1F3DC353B1F9}"
EndProject
Project("{FAE04EC0-301F-11D3-BF4B-00C04F79EFBC}") = "Chess", "Board Games\Chess\Chess.csproj", "{430E3ED3-69C8-4D80-8384-DBED314DA34E}"
EndProject
Project("{FAE04EC0-301F-11D3-BF4B-00C04F79EFBC}") = "Connect4", "Board Games\Connect4\Connect4.csproj", "{991A3263-45BB-4086-A8D5-F9F14409B85D}"
EndProject
Project("{2150E333-8FDC-42A3-9474-1A3956D46DE8}") = "Algorithms", "Algorithms", "{C1F7E7A2-024C-430D-A4E3-27685B2E8206}"
EndProject
Project("{2150E333-8FDC-42A3-9474-1A3956D46DE8}") = "Search", "Search", "{27FACE07-56C8-4CEB-B3A1-02DC05D33AEB}"
EndProject
Project("{2150E333-8FDC-42A3-9474-1A3956D46DE8}") = "Sort", "Sort", "{2E2AB77F-9953-4B4A-ADF2-C69BD2F5C2A2}"
EndProject
Project("{FAE04EC0-301F-11D3-BF4B-00C04F79EFBC}") = "Algorithms", "Algorithms\Algorithms\Algorithms.csproj", "{96F6196F-A31A-46BC-B6E0-5EF0A61B9907}"
EndProject
Project("{FAE04EC0-301F-11D3-BF4B-00C04F79EFBC}") = "BubbleSort", "Algorithms\Sort\BubbleSort\BubbleSort.csproj", "{36E168FE-8C4E-4C8D-9003-B6B516B66842}"
EndProject
Project("{FAE04EC0-301F-11D3-BF4B-00C04F79EFBC}") = "InsertionSort", "Algorithms\Sort\InsertionSort\InsertionSort.csproj", "{8DF8F492-9488-47B8-B33A-77CC11B5AE9A}"
EndProject
Project("{FAE04EC0-301F-11D3-BF4B-00C04F79EFBC}") = "MergeSort", "Algorithms\Sort\MergeSort\MergeSort.csproj", "{72113E9C-839B-473D-AD68-86C1B625F770}"
EndProject
Project("{FAE04EC0-301F-11D3-BF4B-00C04F79EFBC}") = "BinarySearch", "Algorithms\Search\BinarySearch\BinarySearch.csproj", "{90F1EB78-D144-40C6-B26A-35A38621E128}"
EndProject
Project("{FAE04EC0-301F-11D3-BF4B-00C04F79EFBC}") = "ExponentialSearch", "Algorithms\Search\ExponentialSearch\ExponentialSearch.csproj", "{6DD2430C-6587-422C-BEF0-40AB2032C1D8}"
EndProject
Project("{FAE04EC0-301F-11D3-BF4B-00C04F79EFBC}") = "InterpolationSearch", "Algorithms\Search\InterpolationSearch\InterpolationSearch.csproj", "{E46F4B04-CB95-4EF0-B973-B3E8FF31D7A8}"
EndProject
Project("{FAE04EC0-301F-11D3-BF4B-00C04F79EFBC}") = "LinearSearch", "Algorithms\Search\LinearSearch\LinearSearch.csproj", "{D1B531F2-ED78-48D4-BCA9-7344F1EB5AA2}"
EndProject
Project("{FAE04EC0-301F-11D3-BF4B-00C04F79EFBC}") = "MetaBinarySearch", "Algorithms\Search\MetaBinarySearch\MetaBinarySearch.csproj", "{7C2ED596-A222-46E1-983D-153F09698303}"
EndProject
Project("{FAE04EC0-301F-11D3-BF4B-00C04F79EFBC}") = "TernarySearch", "Algorithms\Search\TernarySearch\TernarySearch.csproj", "{76667A2B-3D74-405D-A586-2A0554E15B81}"
EndProject
Project("{FAE04EC0-301F-11D3-BF4B-00C04F79EFBC}") = "BreadthFirstSearch", "Algorithms\Search\BreadthFirstSearch\BreadthFirstSearch.csproj", "{40F7F07F-8800-47E3-B36D-DC968CC7844A}"
EndProject
Global
	GlobalSection(SolutionConfigurationPlatforms) = preSolution
		Debug|Any CPU = Debug|Any CPU
		Debug|arm64 = Debug|arm64
		Debug|x86 = Debug|x86
		Release|Any CPU = Release|Any CPU
		Release|arm64 = Release|arm64
		Release|x86 = Release|x86
	EndGlobalSection
	GlobalSection(ProjectConfigurationPlatforms) = postSolution
		{41DCD63C-325D-4112-B2AC-3A81A655EE37}.Debug|Any CPU.ActiveCfg = Debug|Any CPU
		{41DCD63C-325D-4112-B2AC-3A81A655EE37}.Debug|Any CPU.Build.0 = Debug|Any CPU
		{41DCD63C-325D-4112-B2AC-3A81A655EE37}.Debug|arm64.ActiveCfg = Debug|Any CPU
		{41DCD63C-325D-4112-B2AC-3A81A655EE37}.Debug|arm64.Build.0 = Debug|Any CPU
		{41DCD63C-325D-4112-B2AC-3A81A655EE37}.Debug|x86.ActiveCfg = Debug|Any CPU
		{41DCD63C-325D-4112-B2AC-3A81A655EE37}.Debug|x86.Build.0 = Debug|Any CPU
		{41DCD63C-325D-4112-B2AC-3A81A655EE37}.Release|Any CPU.ActiveCfg = Release|Any CPU
		{41DCD63C-325D-4112-B2AC-3A81A655EE37}.Release|Any CPU.Build.0 = Release|Any CPU
		{41DCD63C-325D-4112-B2AC-3A81A655EE37}.Release|arm64.ActiveCfg = Release|Any CPU
		{41DCD63C-325D-4112-B2AC-3A81A655EE37}.Release|arm64.Build.0 = Release|Any CPU
		{41DCD63C-325D-4112-B2AC-3A81A655EE37}.Release|x86.ActiveCfg = Release|Any CPU
		{41DCD63C-325D-4112-B2AC-3A81A655EE37}.Release|x86.Build.0 = Release|Any CPU
		{017B16B6-B3E2-4BC6-B563-6C49E138D40A}.Debug|Any CPU.ActiveCfg = Debug|Any CPU
		{017B16B6-B3E2-4BC6-B563-6C49E138D40A}.Debug|Any CPU.Build.0 = Debug|Any CPU
		{017B16B6-B3E2-4BC6-B563-6C49E138D40A}.Debug|arm64.ActiveCfg = Debug|Any CPU
		{017B16B6-B3E2-4BC6-B563-6C49E138D40A}.Debug|arm64.Build.0 = Debug|Any CPU
		{017B16B6-B3E2-4BC6-B563-6C49E138D40A}.Debug|x86.ActiveCfg = Debug|Any CPU
		{017B16B6-B3E2-4BC6-B563-6C49E138D40A}.Debug|x86.Build.0 = Debug|Any CPU
		{017B16B6-B3E2-4BC6-B563-6C49E138D40A}.Release|Any CPU.ActiveCfg = Release|Any CPU
		{017B16B6-B3E2-4BC6-B563-6C49E138D40A}.Release|Any CPU.Build.0 = Release|Any CPU
		{017B16B6-B3E2-4BC6-B563-6C49E138D40A}.Release|arm64.ActiveCfg = Release|Any CPU
		{017B16B6-B3E2-4BC6-B563-6C49E138D40A}.Release|arm64.Build.0 = Release|Any CPU
		{017B16B6-B3E2-4BC6-B563-6C49E138D40A}.Release|x86.ActiveCfg = Release|Any CPU
		{017B16B6-B3E2-4BC6-B563-6C49E138D40A}.Release|x86.Build.0 = Release|Any CPU
		{5CC4928B-9916-4F15-98B9-606C1A3C49D7}.Debug|Any CPU.ActiveCfg = Debug|Any CPU
		{5CC4928B-9916-4F15-98B9-606C1A3C49D7}.Debug|Any CPU.Build.0 = Debug|Any CPU
		{5CC4928B-9916-4F15-98B9-606C1A3C49D7}.Debug|arm64.ActiveCfg = Debug|Any CPU
		{5CC4928B-9916-4F15-98B9-606C1A3C49D7}.Debug|arm64.Build.0 = Debug|Any CPU
		{5CC4928B-9916-4F15-98B9-606C1A3C49D7}.Debug|x86.ActiveCfg = Debug|Any CPU
		{5CC4928B-9916-4F15-98B9-606C1A3C49D7}.Debug|x86.Build.0 = Debug|Any CPU
		{5CC4928B-9916-4F15-98B9-606C1A3C49D7}.Release|Any CPU.ActiveCfg = Release|Any CPU
		{5CC4928B-9916-4F15-98B9-606C1A3C49D7}.Release|Any CPU.Build.0 = Release|Any CPU
		{5CC4928B-9916-4F15-98B9-606C1A3C49D7}.Release|arm64.ActiveCfg = Release|Any CPU
		{5CC4928B-9916-4F15-98B9-606C1A3C49D7}.Release|arm64.Build.0 = Release|Any CPU
		{5CC4928B-9916-4F15-98B9-606C1A3C49D7}.Release|x86.ActiveCfg = Release|Any CPU
		{5CC4928B-9916-4F15-98B9-606C1A3C49D7}.Release|x86.Build.0 = Release|Any CPU
		{2269D2ED-CE61-4F47-91BA-96C14F26CF34}.Debug|Any CPU.ActiveCfg = Debug|Any CPU
		{2269D2ED-CE61-4F47-91BA-96C14F26CF34}.Debug|Any CPU.Build.0 = Debug|Any CPU
		{2269D2ED-CE61-4F47-91BA-96C14F26CF34}.Debug|arm64.ActiveCfg = Debug|Any CPU
		{2269D2ED-CE61-4F47-91BA-96C14F26CF34}.Debug|arm64.Build.0 = Debug|Any CPU
		{2269D2ED-CE61-4F47-91BA-96C14F26CF34}.Debug|x86.ActiveCfg = Debug|Any CPU
		{2269D2ED-CE61-4F47-91BA-96C14F26CF34}.Debug|x86.Build.0 = Debug|Any CPU
		{2269D2ED-CE61-4F47-91BA-96C14F26CF34}.Release|Any CPU.ActiveCfg = Release|Any CPU
		{2269D2ED-CE61-4F47-91BA-96C14F26CF34}.Release|Any CPU.Build.0 = Release|Any CPU
		{2269D2ED-CE61-4F47-91BA-96C14F26CF34}.Release|arm64.ActiveCfg = Release|Any CPU
		{2269D2ED-CE61-4F47-91BA-96C14F26CF34}.Release|arm64.Build.0 = Release|Any CPU
		{2269D2ED-CE61-4F47-91BA-96C14F26CF34}.Release|x86.ActiveCfg = Release|Any CPU
		{2269D2ED-CE61-4F47-91BA-96C14F26CF34}.Release|x86.Build.0 = Release|Any CPU
		{69927D4C-00F9-4BB5-A073-32C24CD6DC5C}.Debug|Any CPU.ActiveCfg = Debug|Any CPU
		{69927D4C-00F9-4BB5-A073-32C24CD6DC5C}.Debug|Any CPU.Build.0 = Debug|Any CPU
		{69927D4C-00F9-4BB5-A073-32C24CD6DC5C}.Debug|arm64.ActiveCfg = Debug|Any CPU
		{69927D4C-00F9-4BB5-A073-32C24CD6DC5C}.Debug|arm64.Build.0 = Debug|Any CPU
		{69927D4C-00F9-4BB5-A073-32C24CD6DC5C}.Debug|x86.ActiveCfg = Debug|Any CPU
		{69927D4C-00F9-4BB5-A073-32C24CD6DC5C}.Debug|x86.Build.0 = Debug|Any CPU
		{69927D4C-00F9-4BB5-A073-32C24CD6DC5C}.Release|Any CPU.ActiveCfg = Release|Any CPU
		{69927D4C-00F9-4BB5-A073-32C24CD6DC5C}.Release|Any CPU.Build.0 = Release|Any CPU
		{69927D4C-00F9-4BB5-A073-32C24CD6DC5C}.Release|arm64.ActiveCfg = Release|Any CPU
		{69927D4C-00F9-4BB5-A073-32C24CD6DC5C}.Release|arm64.Build.0 = Release|Any CPU
		{69927D4C-00F9-4BB5-A073-32C24CD6DC5C}.Release|x86.ActiveCfg = Release|Any CPU
		{69927D4C-00F9-4BB5-A073-32C24CD6DC5C}.Release|x86.Build.0 = Release|Any CPU
		{7BF3285F-318B-433B-8B85-378B79F3DB0C}.Debug|Any CPU.ActiveCfg = Debug|Any CPU
		{7BF3285F-318B-433B-8B85-378B79F3DB0C}.Debug|Any CPU.Build.0 = Debug|Any CPU
		{7BF3285F-318B-433B-8B85-378B79F3DB0C}.Debug|arm64.ActiveCfg = Debug|Any CPU
		{7BF3285F-318B-433B-8B85-378B79F3DB0C}.Debug|arm64.Build.0 = Debug|Any CPU
		{7BF3285F-318B-433B-8B85-378B79F3DB0C}.Debug|x86.ActiveCfg = Debug|Any CPU
		{7BF3285F-318B-433B-8B85-378B79F3DB0C}.Debug|x86.Build.0 = Debug|Any CPU
		{7BF3285F-318B-433B-8B85-378B79F3DB0C}.Release|Any CPU.ActiveCfg = Release|Any CPU
		{7BF3285F-318B-433B-8B85-378B79F3DB0C}.Release|Any CPU.Build.0 = Release|Any CPU
		{7BF3285F-318B-433B-8B85-378B79F3DB0C}.Release|arm64.ActiveCfg = Release|Any CPU
		{7BF3285F-318B-433B-8B85-378B79F3DB0C}.Release|arm64.Build.0 = Release|Any CPU
		{7BF3285F-318B-433B-8B85-378B79F3DB0C}.Release|x86.ActiveCfg = Release|Any CPU
		{7BF3285F-318B-433B-8B85-378B79F3DB0C}.Release|x86.Build.0 = Release|Any CPU
		{A8CF1426-3940-4EF5-83C5-35FE37632446}.Debug|Any CPU.ActiveCfg = Debug|Any CPU
		{A8CF1426-3940-4EF5-83C5-35FE37632446}.Debug|Any CPU.Build.0 = Debug|Any CPU
		{A8CF1426-3940-4EF5-83C5-35FE37632446}.Debug|arm64.ActiveCfg = Debug|Any CPU
		{A8CF1426-3940-4EF5-83C5-35FE37632446}.Debug|arm64.Build.0 = Debug|Any CPU
		{A8CF1426-3940-4EF5-83C5-35FE37632446}.Debug|x86.ActiveCfg = Debug|Any CPU
		{A8CF1426-3940-4EF5-83C5-35FE37632446}.Debug|x86.Build.0 = Debug|Any CPU
		{A8CF1426-3940-4EF5-83C5-35FE37632446}.Release|Any CPU.ActiveCfg = Release|Any CPU
		{A8CF1426-3940-4EF5-83C5-35FE37632446}.Release|Any CPU.Build.0 = Release|Any CPU
		{A8CF1426-3940-4EF5-83C5-35FE37632446}.Release|arm64.ActiveCfg = Release|Any CPU
		{A8CF1426-3940-4EF5-83C5-35FE37632446}.Release|arm64.Build.0 = Release|Any CPU
		{A8CF1426-3940-4EF5-83C5-35FE37632446}.Release|x86.ActiveCfg = Release|Any CPU
		{A8CF1426-3940-4EF5-83C5-35FE37632446}.Release|x86.Build.0 = Release|Any CPU
		{0D04C690-2FCF-473F-8F45-65D5AA12A851}.Debug|Any CPU.ActiveCfg = Debug|Any CPU
		{0D04C690-2FCF-473F-8F45-65D5AA12A851}.Debug|Any CPU.Build.0 = Debug|Any CPU
		{0D04C690-2FCF-473F-8F45-65D5AA12A851}.Debug|arm64.ActiveCfg = Debug|Any CPU
		{0D04C690-2FCF-473F-8F45-65D5AA12A851}.Debug|arm64.Build.0 = Debug|Any CPU
		{0D04C690-2FCF-473F-8F45-65D5AA12A851}.Debug|x86.ActiveCfg = Debug|Any CPU
		{0D04C690-2FCF-473F-8F45-65D5AA12A851}.Debug|x86.Build.0 = Debug|Any CPU
		{0D04C690-2FCF-473F-8F45-65D5AA12A851}.Release|Any CPU.ActiveCfg = Release|Any CPU
		{0D04C690-2FCF-473F-8F45-65D5AA12A851}.Release|Any CPU.Build.0 = Release|Any CPU
		{0D04C690-2FCF-473F-8F45-65D5AA12A851}.Release|arm64.ActiveCfg = Release|Any CPU
		{0D04C690-2FCF-473F-8F45-65D5AA12A851}.Release|arm64.Build.0 = Release|Any CPU
		{0D04C690-2FCF-473F-8F45-65D5AA12A851}.Release|x86.ActiveCfg = Release|Any CPU
		{0D04C690-2FCF-473F-8F45-65D5AA12A851}.Release|x86.Build.0 = Release|Any CPU
		{ED7637CD-1D53-4B2E-8AC4-5C6C6039B156}.Debug|Any CPU.ActiveCfg = Debug|Any CPU
		{ED7637CD-1D53-4B2E-8AC4-5C6C6039B156}.Debug|Any CPU.Build.0 = Debug|Any CPU
		{ED7637CD-1D53-4B2E-8AC4-5C6C6039B156}.Debug|arm64.ActiveCfg = Debug|Any CPU
		{ED7637CD-1D53-4B2E-8AC4-5C6C6039B156}.Debug|arm64.Build.0 = Debug|Any CPU
		{ED7637CD-1D53-4B2E-8AC4-5C6C6039B156}.Debug|x86.ActiveCfg = Debug|Any CPU
		{ED7637CD-1D53-4B2E-8AC4-5C6C6039B156}.Debug|x86.Build.0 = Debug|Any CPU
		{ED7637CD-1D53-4B2E-8AC4-5C6C6039B156}.Release|Any CPU.ActiveCfg = Release|Any CPU
		{ED7637CD-1D53-4B2E-8AC4-5C6C6039B156}.Release|Any CPU.Build.0 = Release|Any CPU
		{ED7637CD-1D53-4B2E-8AC4-5C6C6039B156}.Release|arm64.ActiveCfg = Release|Any CPU
		{ED7637CD-1D53-4B2E-8AC4-5C6C6039B156}.Release|arm64.Build.0 = Release|Any CPU
		{ED7637CD-1D53-4B2E-8AC4-5C6C6039B156}.Release|x86.ActiveCfg = Release|Any CPU
		{ED7637CD-1D53-4B2E-8AC4-5C6C6039B156}.Release|x86.Build.0 = Release|Any CPU
		{ED848D9C-3D41-464C-A042-1AB944035CBD}.Debug|Any CPU.ActiveCfg = Debug|Any CPU
		{ED848D9C-3D41-464C-A042-1AB944035CBD}.Debug|Any CPU.Build.0 = Debug|Any CPU
		{ED848D9C-3D41-464C-A042-1AB944035CBD}.Debug|arm64.ActiveCfg = Debug|Any CPU
		{ED848D9C-3D41-464C-A042-1AB944035CBD}.Debug|arm64.Build.0 = Debug|Any CPU
		{ED848D9C-3D41-464C-A042-1AB944035CBD}.Debug|x86.ActiveCfg = Debug|Any CPU
		{ED848D9C-3D41-464C-A042-1AB944035CBD}.Debug|x86.Build.0 = Debug|Any CPU
		{ED848D9C-3D41-464C-A042-1AB944035CBD}.Release|Any CPU.ActiveCfg = Release|Any CPU
		{ED848D9C-3D41-464C-A042-1AB944035CBD}.Release|Any CPU.Build.0 = Release|Any CPU
		{ED848D9C-3D41-464C-A042-1AB944035CBD}.Release|arm64.ActiveCfg = Release|Any CPU
		{ED848D9C-3D41-464C-A042-1AB944035CBD}.Release|arm64.Build.0 = Release|Any CPU
		{ED848D9C-3D41-464C-A042-1AB944035CBD}.Release|x86.ActiveCfg = Release|Any CPU
		{ED848D9C-3D41-464C-A042-1AB944035CBD}.Release|x86.Build.0 = Release|Any CPU
		{BB50623A-52F5-498B-9B72-E08E9BF90094}.Debug|Any CPU.ActiveCfg = Debug|Any CPU
		{BB50623A-52F5-498B-9B72-E08E9BF90094}.Debug|Any CPU.Build.0 = Debug|Any CPU
		{BB50623A-52F5-498B-9B72-E08E9BF90094}.Debug|arm64.ActiveCfg = Debug|Any CPU
		{BB50623A-52F5-498B-9B72-E08E9BF90094}.Debug|arm64.Build.0 = Debug|Any CPU
		{BB50623A-52F5-498B-9B72-E08E9BF90094}.Debug|x86.ActiveCfg = Debug|Any CPU
		{BB50623A-52F5-498B-9B72-E08E9BF90094}.Debug|x86.Build.0 = Debug|Any CPU
		{BB50623A-52F5-498B-9B72-E08E9BF90094}.Release|Any CPU.ActiveCfg = Release|Any CPU
		{BB50623A-52F5-498B-9B72-E08E9BF90094}.Release|Any CPU.Build.0 = Release|Any CPU
		{BB50623A-52F5-498B-9B72-E08E9BF90094}.Release|arm64.ActiveCfg = Release|Any CPU
		{BB50623A-52F5-498B-9B72-E08E9BF90094}.Release|arm64.Build.0 = Release|Any CPU
		{BB50623A-52F5-498B-9B72-E08E9BF90094}.Release|x86.ActiveCfg = Release|Any CPU
		{BB50623A-52F5-498B-9B72-E08E9BF90094}.Release|x86.Build.0 = Release|Any CPU
		{37482314-6298-4502-9E8A-C936422C4934}.Debug|Any CPU.ActiveCfg = Debug|Any CPU
		{37482314-6298-4502-9E8A-C936422C4934}.Debug|Any CPU.Build.0 = Debug|Any CPU
		{37482314-6298-4502-9E8A-C936422C4934}.Debug|arm64.ActiveCfg = Debug|Any CPU
		{37482314-6298-4502-9E8A-C936422C4934}.Debug|arm64.Build.0 = Debug|Any CPU
		{37482314-6298-4502-9E8A-C936422C4934}.Debug|x86.ActiveCfg = Debug|Any CPU
		{37482314-6298-4502-9E8A-C936422C4934}.Debug|x86.Build.0 = Debug|Any CPU
		{37482314-6298-4502-9E8A-C936422C4934}.Release|Any CPU.ActiveCfg = Release|Any CPU
		{37482314-6298-4502-9E8A-C936422C4934}.Release|Any CPU.Build.0 = Release|Any CPU
		{37482314-6298-4502-9E8A-C936422C4934}.Release|arm64.ActiveCfg = Release|Any CPU
		{37482314-6298-4502-9E8A-C936422C4934}.Release|arm64.Build.0 = Release|Any CPU
		{37482314-6298-4502-9E8A-C936422C4934}.Release|x86.ActiveCfg = Release|Any CPU
		{37482314-6298-4502-9E8A-C936422C4934}.Release|x86.Build.0 = Release|Any CPU
		{4F8539B2-A389-4FB9-9368-0E7C66CD3FA2}.Debug|Any CPU.ActiveCfg = Debug|Any CPU
		{4F8539B2-A389-4FB9-9368-0E7C66CD3FA2}.Debug|Any CPU.Build.0 = Debug|Any CPU
		{4F8539B2-A389-4FB9-9368-0E7C66CD3FA2}.Debug|arm64.ActiveCfg = Debug|Any CPU
		{4F8539B2-A389-4FB9-9368-0E7C66CD3FA2}.Debug|arm64.Build.0 = Debug|Any CPU
		{4F8539B2-A389-4FB9-9368-0E7C66CD3FA2}.Debug|x86.ActiveCfg = Debug|Any CPU
		{4F8539B2-A389-4FB9-9368-0E7C66CD3FA2}.Debug|x86.Build.0 = Debug|Any CPU
		{4F8539B2-A389-4FB9-9368-0E7C66CD3FA2}.Release|Any CPU.ActiveCfg = Release|Any CPU
		{4F8539B2-A389-4FB9-9368-0E7C66CD3FA2}.Release|Any CPU.Build.0 = Release|Any CPU
		{4F8539B2-A389-4FB9-9368-0E7C66CD3FA2}.Release|arm64.ActiveCfg = Release|Any CPU
		{4F8539B2-A389-4FB9-9368-0E7C66CD3FA2}.Release|arm64.Build.0 = Release|Any CPU
		{4F8539B2-A389-4FB9-9368-0E7C66CD3FA2}.Release|x86.ActiveCfg = Release|Any CPU
		{4F8539B2-A389-4FB9-9368-0E7C66CD3FA2}.Release|x86.Build.0 = Release|Any CPU
		{AB8C5667-92FB-42E3-96A5-A1426A0A09B0}.Debug|Any CPU.ActiveCfg = Debug|Any CPU
		{AB8C5667-92FB-42E3-96A5-A1426A0A09B0}.Debug|Any CPU.Build.0 = Debug|Any CPU
		{AB8C5667-92FB-42E3-96A5-A1426A0A09B0}.Debug|arm64.ActiveCfg = Debug|Any CPU
		{AB8C5667-92FB-42E3-96A5-A1426A0A09B0}.Debug|arm64.Build.0 = Debug|Any CPU
		{AB8C5667-92FB-42E3-96A5-A1426A0A09B0}.Debug|x86.ActiveCfg = Debug|Any CPU
		{AB8C5667-92FB-42E3-96A5-A1426A0A09B0}.Debug|x86.Build.0 = Debug|Any CPU
		{AB8C5667-92FB-42E3-96A5-A1426A0A09B0}.Release|Any CPU.ActiveCfg = Release|Any CPU
		{AB8C5667-92FB-42E3-96A5-A1426A0A09B0}.Release|Any CPU.Build.0 = Release|Any CPU
		{AB8C5667-92FB-42E3-96A5-A1426A0A09B0}.Release|arm64.ActiveCfg = Release|Any CPU
		{AB8C5667-92FB-42E3-96A5-A1426A0A09B0}.Release|arm64.Build.0 = Release|Any CPU
		{AB8C5667-92FB-42E3-96A5-A1426A0A09B0}.Release|x86.ActiveCfg = Release|Any CPU
		{AB8C5667-92FB-42E3-96A5-A1426A0A09B0}.Release|x86.Build.0 = Release|Any CPU
		{F612E440-9D0E-4149-9280-20141E40FB24}.Debug|Any CPU.ActiveCfg = Debug|Any CPU
		{F612E440-9D0E-4149-9280-20141E40FB24}.Debug|Any CPU.Build.0 = Debug|Any CPU
		{5FD92216-C150-4118-8281-A200285C4FE0}.Debug|Any CPU.ActiveCfg = Debug|Any CPU
		{5FD92216-C150-4118-8281-A200285C4FE0}.Debug|Any CPU.Build.0 = Debug|Any CPU
		{5FD92216-C150-4118-8281-A200285C4FE0}.Debug|arm64.ActiveCfg = Debug|Any CPU
		{5FD92216-C150-4118-8281-A200285C4FE0}.Debug|arm64.Build.0 = Debug|Any CPU
		{5FD92216-C150-4118-8281-A200285C4FE0}.Debug|x86.ActiveCfg = Debug|Any CPU
		{5FD92216-C150-4118-8281-A200285C4FE0}.Debug|x86.Build.0 = Debug|Any CPU
		{5FD92216-C150-4118-8281-A200285C4FE0}.Release|Any CPU.ActiveCfg = Release|Any CPU
		{5FD92216-C150-4118-8281-A200285C4FE0}.Release|Any CPU.Build.0 = Release|Any CPU
		{5FD92216-C150-4118-8281-A200285C4FE0}.Release|arm64.ActiveCfg = Release|Any CPU
		{5FD92216-C150-4118-8281-A200285C4FE0}.Release|arm64.Build.0 = Release|Any CPU
		{5FD92216-C150-4118-8281-A200285C4FE0}.Release|x86.ActiveCfg = Release|Any CPU
		{5FD92216-C150-4118-8281-A200285C4FE0}.Release|x86.Build.0 = Release|Any CPU
		{9A0A3E03-D04A-4C59-ACE4-3F6FC8EAC334}.Debug|Any CPU.ActiveCfg = Debug|Any CPU
		{9A0A3E03-D04A-4C59-ACE4-3F6FC8EAC334}.Debug|Any CPU.Build.0 = Debug|Any CPU
		{9A0A3E03-D04A-4C59-ACE4-3F6FC8EAC334}.Debug|arm64.ActiveCfg = Debug|Any CPU
		{9A0A3E03-D04A-4C59-ACE4-3F6FC8EAC334}.Debug|arm64.Build.0 = Debug|Any CPU
		{9A0A3E03-D04A-4C59-ACE4-3F6FC8EAC334}.Debug|x86.ActiveCfg = Debug|Any CPU
		{9A0A3E03-D04A-4C59-ACE4-3F6FC8EAC334}.Debug|x86.Build.0 = Debug|Any CPU
		{9A0A3E03-D04A-4C59-ACE4-3F6FC8EAC334}.Release|Any CPU.ActiveCfg = Release|Any CPU
		{9A0A3E03-D04A-4C59-ACE4-3F6FC8EAC334}.Release|Any CPU.Build.0 = Release|Any CPU
		{9A0A3E03-D04A-4C59-ACE4-3F6FC8EAC334}.Release|arm64.ActiveCfg = Release|Any CPU
		{9A0A3E03-D04A-4C59-ACE4-3F6FC8EAC334}.Release|arm64.Build.0 = Release|Any CPU
		{9A0A3E03-D04A-4C59-ACE4-3F6FC8EAC334}.Release|x86.ActiveCfg = Release|Any CPU
		{9A0A3E03-D04A-4C59-ACE4-3F6FC8EAC334}.Release|x86.Build.0 = Release|Any CPU
		{3992E3B9-4D0C-4576-9A48-242212F6A3B2}.Debug|Any CPU.ActiveCfg = Debug|Any CPU
		{3992E3B9-4D0C-4576-9A48-242212F6A3B2}.Debug|Any CPU.Build.0 = Debug|Any CPU
		{3992E3B9-4D0C-4576-9A48-242212F6A3B2}.Debug|arm64.ActiveCfg = Debug|Any CPU
		{3992E3B9-4D0C-4576-9A48-242212F6A3B2}.Debug|arm64.Build.0 = Debug|Any CPU
		{3992E3B9-4D0C-4576-9A48-242212F6A3B2}.Debug|x86.ActiveCfg = Debug|Any CPU
		{3992E3B9-4D0C-4576-9A48-242212F6A3B2}.Debug|x86.Build.0 = Debug|Any CPU
		{3992E3B9-4D0C-4576-9A48-242212F6A3B2}.Release|Any CPU.ActiveCfg = Release|Any CPU
		{3992E3B9-4D0C-4576-9A48-242212F6A3B2}.Release|Any CPU.Build.0 = Release|Any CPU
		{3992E3B9-4D0C-4576-9A48-242212F6A3B2}.Release|arm64.ActiveCfg = Release|Any CPU
		{3992E3B9-4D0C-4576-9A48-242212F6A3B2}.Release|arm64.Build.0 = Release|Any CPU
		{3992E3B9-4D0C-4576-9A48-242212F6A3B2}.Release|x86.ActiveCfg = Release|Any CPU
		{3992E3B9-4D0C-4576-9A48-242212F6A3B2}.Release|x86.Build.0 = Release|Any CPU
		{08D83E44-3AAF-42A1-8F3A-1F3DC353B1F9}.Debug|Any CPU.ActiveCfg = Debug|Any CPU
		{08D83E44-3AAF-42A1-8F3A-1F3DC353B1F9}.Debug|Any CPU.Build.0 = Debug|Any CPU
		{08D83E44-3AAF-42A1-8F3A-1F3DC353B1F9}.Debug|arm64.ActiveCfg = Debug|Any CPU
		{08D83E44-3AAF-42A1-8F3A-1F3DC353B1F9}.Debug|arm64.Build.0 = Debug|Any CPU
		{08D83E44-3AAF-42A1-8F3A-1F3DC353B1F9}.Debug|x86.ActiveCfg = Debug|Any CPU
		{08D83E44-3AAF-42A1-8F3A-1F3DC353B1F9}.Debug|x86.Build.0 = Debug|Any CPU
		{08D83E44-3AAF-42A1-8F3A-1F3DC353B1F9}.Release|Any CPU.ActiveCfg = Release|Any CPU
		{08D83E44-3AAF-42A1-8F3A-1F3DC353B1F9}.Release|Any CPU.Build.0 = Release|Any CPU
		{08D83E44-3AAF-42A1-8F3A-1F3DC353B1F9}.Release|arm64.ActiveCfg = Release|Any CPU
		{08D83E44-3AAF-42A1-8F3A-1F3DC353B1F9}.Release|arm64.Build.0 = Release|Any CPU
		{08D83E44-3AAF-42A1-8F3A-1F3DC353B1F9}.Release|x86.ActiveCfg = Release|Any CPU
		{08D83E44-3AAF-42A1-8F3A-1F3DC353B1F9}.Release|x86.Build.0 = Release|Any CPU
		{430E3ED3-69C8-4D80-8384-DBED314DA34E}.Debug|Any CPU.ActiveCfg = Debug|Any CPU
		{430E3ED3-69C8-4D80-8384-DBED314DA34E}.Debug|Any CPU.Build.0 = Debug|Any CPU
		{430E3ED3-69C8-4D80-8384-DBED314DA34E}.Debug|arm64.ActiveCfg = Debug|Any CPU
		{430E3ED3-69C8-4D80-8384-DBED314DA34E}.Debug|arm64.Build.0 = Debug|Any CPU
		{430E3ED3-69C8-4D80-8384-DBED314DA34E}.Debug|x86.ActiveCfg = Debug|Any CPU
		{430E3ED3-69C8-4D80-8384-DBED314DA34E}.Debug|x86.Build.0 = Debug|Any CPU
		{430E3ED3-69C8-4D80-8384-DBED314DA34E}.Release|Any CPU.ActiveCfg = Release|Any CPU
		{430E3ED3-69C8-4D80-8384-DBED314DA34E}.Release|Any CPU.Build.0 = Release|Any CPU
		{430E3ED3-69C8-4D80-8384-DBED314DA34E}.Release|arm64.ActiveCfg = Release|Any CPU
		{430E3ED3-69C8-4D80-8384-DBED314DA34E}.Release|arm64.Build.0 = Release|Any CPU
		{430E3ED3-69C8-4D80-8384-DBED314DA34E}.Release|x86.ActiveCfg = Release|Any CPU
		{430E3ED3-69C8-4D80-8384-DBED314DA34E}.Release|x86.Build.0 = Release|Any CPU
		{991A3263-45BB-4086-A8D5-F9F14409B85D}.Debug|Any CPU.ActiveCfg = Debug|Any CPU
		{991A3263-45BB-4086-A8D5-F9F14409B85D}.Debug|Any CPU.Build.0 = Debug|Any CPU
		{991A3263-45BB-4086-A8D5-F9F14409B85D}.Debug|arm64.ActiveCfg = Debug|Any CPU
		{991A3263-45BB-4086-A8D5-F9F14409B85D}.Debug|arm64.Build.0 = Debug|Any CPU
		{991A3263-45BB-4086-A8D5-F9F14409B85D}.Debug|x86.ActiveCfg = Debug|Any CPU
		{991A3263-45BB-4086-A8D5-F9F14409B85D}.Debug|x86.Build.0 = Debug|Any CPU
		{991A3263-45BB-4086-A8D5-F9F14409B85D}.Release|Any CPU.ActiveCfg = Release|Any CPU
		{991A3263-45BB-4086-A8D5-F9F14409B85D}.Release|Any CPU.Build.0 = Release|Any CPU
		{991A3263-45BB-4086-A8D5-F9F14409B85D}.Release|arm64.ActiveCfg = Release|Any CPU
		{991A3263-45BB-4086-A8D5-F9F14409B85D}.Release|arm64.Build.0 = Release|Any CPU
		{991A3263-45BB-4086-A8D5-F9F14409B85D}.Release|x86.ActiveCfg = Release|Any CPU
		{991A3263-45BB-4086-A8D5-F9F14409B85D}.Release|x86.Build.0 = Release|Any CPU
		{96F6196F-A31A-46BC-B6E0-5EF0A61B9907}.Debug|Any CPU.ActiveCfg = Debug|Any CPU
		{96F6196F-A31A-46BC-B6E0-5EF0A61B9907}.Debug|Any CPU.Build.0 = Debug|Any CPU
		{96F6196F-A31A-46BC-B6E0-5EF0A61B9907}.Debug|arm64.ActiveCfg = Debug|Any CPU
		{96F6196F-A31A-46BC-B6E0-5EF0A61B9907}.Debug|arm64.Build.0 = Debug|Any CPU
		{96F6196F-A31A-46BC-B6E0-5EF0A61B9907}.Debug|x86.ActiveCfg = Debug|Any CPU
		{96F6196F-A31A-46BC-B6E0-5EF0A61B9907}.Debug|x86.Build.0 = Debug|Any CPU
		{96F6196F-A31A-46BC-B6E0-5EF0A61B9907}.Release|Any CPU.ActiveCfg = Release|Any CPU
		{96F6196F-A31A-46BC-B6E0-5EF0A61B9907}.Release|Any CPU.Build.0 = Release|Any CPU
		{96F6196F-A31A-46BC-B6E0-5EF0A61B9907}.Release|arm64.ActiveCfg = Release|Any CPU
		{96F6196F-A31A-46BC-B6E0-5EF0A61B9907}.Release|arm64.Build.0 = Release|Any CPU
		{96F6196F-A31A-46BC-B6E0-5EF0A61B9907}.Release|x86.ActiveCfg = Release|Any CPU
		{96F6196F-A31A-46BC-B6E0-5EF0A61B9907}.Release|x86.Build.0 = Release|Any CPU
		{36E168FE-8C4E-4C8D-9003-B6B516B66842}.Debug|Any CPU.ActiveCfg = Debug|Any CPU
		{36E168FE-8C4E-4C8D-9003-B6B516B66842}.Debug|Any CPU.Build.0 = Debug|Any CPU
		{36E168FE-8C4E-4C8D-9003-B6B516B66842}.Debug|arm64.ActiveCfg = Debug|Any CPU
		{36E168FE-8C4E-4C8D-9003-B6B516B66842}.Debug|arm64.Build.0 = Debug|Any CPU
		{36E168FE-8C4E-4C8D-9003-B6B516B66842}.Debug|x86.ActiveCfg = Debug|Any CPU
		{36E168FE-8C4E-4C8D-9003-B6B516B66842}.Debug|x86.Build.0 = Debug|Any CPU
		{36E168FE-8C4E-4C8D-9003-B6B516B66842}.Release|Any CPU.ActiveCfg = Release|Any CPU
		{36E168FE-8C4E-4C8D-9003-B6B516B66842}.Release|Any CPU.Build.0 = Release|Any CPU
		{36E168FE-8C4E-4C8D-9003-B6B516B66842}.Release|arm64.ActiveCfg = Release|Any CPU
		{36E168FE-8C4E-4C8D-9003-B6B516B66842}.Release|arm64.Build.0 = Release|Any CPU
		{36E168FE-8C4E-4C8D-9003-B6B516B66842}.Release|x86.ActiveCfg = Release|Any CPU
		{36E168FE-8C4E-4C8D-9003-B6B516B66842}.Release|x86.Build.0 = Release|Any CPU
		{8DF8F492-9488-47B8-B33A-77CC11B5AE9A}.Debug|Any CPU.ActiveCfg = Debug|Any CPU
		{8DF8F492-9488-47B8-B33A-77CC11B5AE9A}.Debug|Any CPU.Build.0 = Debug|Any CPU
		{8DF8F492-9488-47B8-B33A-77CC11B5AE9A}.Debug|arm64.ActiveCfg = Debug|Any CPU
		{8DF8F492-9488-47B8-B33A-77CC11B5AE9A}.Debug|arm64.Build.0 = Debug|Any CPU
		{8DF8F492-9488-47B8-B33A-77CC11B5AE9A}.Debug|x86.ActiveCfg = Debug|Any CPU
		{8DF8F492-9488-47B8-B33A-77CC11B5AE9A}.Debug|x86.Build.0 = Debug|Any CPU
		{8DF8F492-9488-47B8-B33A-77CC11B5AE9A}.Release|Any CPU.ActiveCfg = Release|Any CPU
		{8DF8F492-9488-47B8-B33A-77CC11B5AE9A}.Release|Any CPU.Build.0 = Release|Any CPU
		{8DF8F492-9488-47B8-B33A-77CC11B5AE9A}.Release|arm64.ActiveCfg = Release|Any CPU
		{8DF8F492-9488-47B8-B33A-77CC11B5AE9A}.Release|arm64.Build.0 = Release|Any CPU
		{8DF8F492-9488-47B8-B33A-77CC11B5AE9A}.Release|x86.ActiveCfg = Release|Any CPU
		{8DF8F492-9488-47B8-B33A-77CC11B5AE9A}.Release|x86.Build.0 = Release|Any CPU
		{72113E9C-839B-473D-AD68-86C1B625F770}.Debug|Any CPU.ActiveCfg = Debug|Any CPU
		{72113E9C-839B-473D-AD68-86C1B625F770}.Debug|Any CPU.Build.0 = Debug|Any CPU
		{72113E9C-839B-473D-AD68-86C1B625F770}.Debug|arm64.ActiveCfg = Debug|Any CPU
		{72113E9C-839B-473D-AD68-86C1B625F770}.Debug|arm64.Build.0 = Debug|Any CPU
		{72113E9C-839B-473D-AD68-86C1B625F770}.Debug|x86.ActiveCfg = Debug|Any CPU
		{72113E9C-839B-473D-AD68-86C1B625F770}.Debug|x86.Build.0 = Debug|Any CPU
		{72113E9C-839B-473D-AD68-86C1B625F770}.Release|Any CPU.ActiveCfg = Release|Any CPU
		{72113E9C-839B-473D-AD68-86C1B625F770}.Release|Any CPU.Build.0 = Release|Any CPU
		{72113E9C-839B-473D-AD68-86C1B625F770}.Release|arm64.ActiveCfg = Release|Any CPU
		{72113E9C-839B-473D-AD68-86C1B625F770}.Release|arm64.Build.0 = Release|Any CPU
		{72113E9C-839B-473D-AD68-86C1B625F770}.Release|x86.ActiveCfg = Release|Any CPU
		{72113E9C-839B-473D-AD68-86C1B625F770}.Release|x86.Build.0 = Release|Any CPU
		{90F1EB78-D144-40C6-B26A-35A38621E128}.Debug|Any CPU.ActiveCfg = Debug|Any CPU
		{90F1EB78-D144-40C6-B26A-35A38621E128}.Debug|Any CPU.Build.0 = Debug|Any CPU
		{90F1EB78-D144-40C6-B26A-35A38621E128}.Debug|arm64.ActiveCfg = Debug|Any CPU
		{90F1EB78-D144-40C6-B26A-35A38621E128}.Debug|arm64.Build.0 = Debug|Any CPU
		{90F1EB78-D144-40C6-B26A-35A38621E128}.Debug|x86.ActiveCfg = Debug|Any CPU
		{90F1EB78-D144-40C6-B26A-35A38621E128}.Debug|x86.Build.0 = Debug|Any CPU
		{90F1EB78-D144-40C6-B26A-35A38621E128}.Release|Any CPU.ActiveCfg = Release|Any CPU
		{90F1EB78-D144-40C6-B26A-35A38621E128}.Release|Any CPU.Build.0 = Release|Any CPU
		{90F1EB78-D144-40C6-B26A-35A38621E128}.Release|arm64.ActiveCfg = Release|Any CPU
		{90F1EB78-D144-40C6-B26A-35A38621E128}.Release|arm64.Build.0 = Release|Any CPU
		{90F1EB78-D144-40C6-B26A-35A38621E128}.Release|x86.ActiveCfg = Release|Any CPU
		{90F1EB78-D144-40C6-B26A-35A38621E128}.Release|x86.Build.0 = Release|Any CPU
		{6DD2430C-6587-422C-BEF0-40AB2032C1D8}.Debug|Any CPU.ActiveCfg = Debug|Any CPU
		{6DD2430C-6587-422C-BEF0-40AB2032C1D8}.Debug|Any CPU.Build.0 = Debug|Any CPU
		{6DD2430C-6587-422C-BEF0-40AB2032C1D8}.Debug|arm64.ActiveCfg = Debug|Any CPU
		{6DD2430C-6587-422C-BEF0-40AB2032C1D8}.Debug|arm64.Build.0 = Debug|Any CPU
		{6DD2430C-6587-422C-BEF0-40AB2032C1D8}.Debug|x86.ActiveCfg = Debug|Any CPU
		{6DD2430C-6587-422C-BEF0-40AB2032C1D8}.Debug|x86.Build.0 = Debug|Any CPU
		{6DD2430C-6587-422C-BEF0-40AB2032C1D8}.Release|Any CPU.ActiveCfg = Release|Any CPU
		{6DD2430C-6587-422C-BEF0-40AB2032C1D8}.Release|Any CPU.Build.0 = Release|Any CPU
		{6DD2430C-6587-422C-BEF0-40AB2032C1D8}.Release|arm64.ActiveCfg = Release|Any CPU
		{6DD2430C-6587-422C-BEF0-40AB2032C1D8}.Release|arm64.Build.0 = Release|Any CPU
		{6DD2430C-6587-422C-BEF0-40AB2032C1D8}.Release|x86.ActiveCfg = Release|Any CPU
		{6DD2430C-6587-422C-BEF0-40AB2032C1D8}.Release|x86.Build.0 = Release|Any CPU
		{E46F4B04-CB95-4EF0-B973-B3E8FF31D7A8}.Debug|Any CPU.ActiveCfg = Debug|Any CPU
		{E46F4B04-CB95-4EF0-B973-B3E8FF31D7A8}.Debug|Any CPU.Build.0 = Debug|Any CPU
		{E46F4B04-CB95-4EF0-B973-B3E8FF31D7A8}.Debug|arm64.ActiveCfg = Debug|Any CPU
		{E46F4B04-CB95-4EF0-B973-B3E8FF31D7A8}.Debug|arm64.Build.0 = Debug|Any CPU
		{E46F4B04-CB95-4EF0-B973-B3E8FF31D7A8}.Debug|x86.ActiveCfg = Debug|Any CPU
		{E46F4B04-CB95-4EF0-B973-B3E8FF31D7A8}.Debug|x86.Build.0 = Debug|Any CPU
		{E46F4B04-CB95-4EF0-B973-B3E8FF31D7A8}.Release|Any CPU.ActiveCfg = Release|Any CPU
		{E46F4B04-CB95-4EF0-B973-B3E8FF31D7A8}.Release|Any CPU.Build.0 = Release|Any CPU
		{E46F4B04-CB95-4EF0-B973-B3E8FF31D7A8}.Release|arm64.ActiveCfg = Release|Any CPU
		{E46F4B04-CB95-4EF0-B973-B3E8FF31D7A8}.Release|arm64.Build.0 = Release|Any CPU
		{E46F4B04-CB95-4EF0-B973-B3E8FF31D7A8}.Release|x86.ActiveCfg = Release|Any CPU
		{E46F4B04-CB95-4EF0-B973-B3E8FF31D7A8}.Release|x86.Build.0 = Release|Any CPU
		{D1B531F2-ED78-48D4-BCA9-7344F1EB5AA2}.Debug|Any CPU.ActiveCfg = Debug|Any CPU
		{D1B531F2-ED78-48D4-BCA9-7344F1EB5AA2}.Debug|Any CPU.Build.0 = Debug|Any CPU
		{D1B531F2-ED78-48D4-BCA9-7344F1EB5AA2}.Debug|arm64.ActiveCfg = Debug|Any CPU
		{D1B531F2-ED78-48D4-BCA9-7344F1EB5AA2}.Debug|arm64.Build.0 = Debug|Any CPU
		{D1B531F2-ED78-48D4-BCA9-7344F1EB5AA2}.Debug|x86.ActiveCfg = Debug|Any CPU
		{D1B531F2-ED78-48D4-BCA9-7344F1EB5AA2}.Debug|x86.Build.0 = Debug|Any CPU
		{D1B531F2-ED78-48D4-BCA9-7344F1EB5AA2}.Release|Any CPU.ActiveCfg = Release|Any CPU
		{D1B531F2-ED78-48D4-BCA9-7344F1EB5AA2}.Release|Any CPU.Build.0 = Release|Any CPU
		{D1B531F2-ED78-48D4-BCA9-7344F1EB5AA2}.Release|arm64.ActiveCfg = Release|Any CPU
		{D1B531F2-ED78-48D4-BCA9-7344F1EB5AA2}.Release|arm64.Build.0 = Release|Any CPU
		{D1B531F2-ED78-48D4-BCA9-7344F1EB5AA2}.Release|x86.ActiveCfg = Release|Any CPU
		{D1B531F2-ED78-48D4-BCA9-7344F1EB5AA2}.Release|x86.Build.0 = Release|Any CPU
		{7C2ED596-A222-46E1-983D-153F09698303}.Debug|Any CPU.ActiveCfg = Debug|Any CPU
		{7C2ED596-A222-46E1-983D-153F09698303}.Debug|Any CPU.Build.0 = Debug|Any CPU
		{7C2ED596-A222-46E1-983D-153F09698303}.Debug|arm64.ActiveCfg = Debug|Any CPU
		{7C2ED596-A222-46E1-983D-153F09698303}.Debug|arm64.Build.0 = Debug|Any CPU
		{7C2ED596-A222-46E1-983D-153F09698303}.Debug|x86.ActiveCfg = Debug|Any CPU
		{7C2ED596-A222-46E1-983D-153F09698303}.Debug|x86.Build.0 = Debug|Any CPU
		{7C2ED596-A222-46E1-983D-153F09698303}.Release|Any CPU.ActiveCfg = Release|Any CPU
		{7C2ED596-A222-46E1-983D-153F09698303}.Release|Any CPU.Build.0 = Release|Any CPU
		{7C2ED596-A222-46E1-983D-153F09698303}.Release|arm64.ActiveCfg = Release|Any CPU
		{7C2ED596-A222-46E1-983D-153F09698303}.Release|arm64.Build.0 = Release|Any CPU
		{7C2ED596-A222-46E1-983D-153F09698303}.Release|x86.ActiveCfg = Release|Any CPU
		{7C2ED596-A222-46E1-983D-153F09698303}.Release|x86.Build.0 = Release|Any CPU
		{76667A2B-3D74-405D-A586-2A0554E15B81}.Debug|Any CPU.ActiveCfg = Debug|Any CPU
		{76667A2B-3D74-405D-A586-2A0554E15B81}.Debug|Any CPU.Build.0 = Debug|Any CPU
		{76667A2B-3D74-405D-A586-2A0554E15B81}.Debug|arm64.ActiveCfg = Debug|Any CPU
		{76667A2B-3D74-405D-A586-2A0554E15B81}.Debug|arm64.Build.0 = Debug|Any CPU
		{76667A2B-3D74-405D-A586-2A0554E15B81}.Debug|x86.ActiveCfg = Debug|Any CPU
		{76667A2B-3D74-405D-A586-2A0554E15B81}.Debug|x86.Build.0 = Debug|Any CPU
		{76667A2B-3D74-405D-A586-2A0554E15B81}.Release|Any CPU.ActiveCfg = Release|Any CPU
		{76667A2B-3D74-405D-A586-2A0554E15B81}.Release|Any CPU.Build.0 = Release|Any CPU
		{76667A2B-3D74-405D-A586-2A0554E15B81}.Release|arm64.ActiveCfg = Release|Any CPU
		{76667A2B-3D74-405D-A586-2A0554E15B81}.Release|arm64.Build.0 = Release|Any CPU
		{76667A2B-3D74-405D-A586-2A0554E15B81}.Release|x86.ActiveCfg = Release|Any CPU
		{76667A2B-3D74-405D-A586-2A0554E15B81}.Release|x86.Build.0 = Release|Any CPU
		{40F7F07F-8800-47E3-B36D-DC968CC7844A}.Debug|Any CPU.ActiveCfg = Debug|Any CPU
		{40F7F07F-8800-47E3-B36D-DC968CC7844A}.Debug|Any CPU.Build.0 = Debug|Any CPU
		{40F7F07F-8800-47E3-B36D-DC968CC7844A}.Debug|arm64.ActiveCfg = Debug|Any CPU
		{40F7F07F-8800-47E3-B36D-DC968CC7844A}.Debug|arm64.Build.0 = Debug|Any CPU
		{40F7F07F-8800-47E3-B36D-DC968CC7844A}.Debug|x86.ActiveCfg = Debug|Any CPU
		{40F7F07F-8800-47E3-B36D-DC968CC7844A}.Debug|x86.Build.0 = Debug|Any CPU
		{40F7F07F-8800-47E3-B36D-DC968CC7844A}.Release|Any CPU.ActiveCfg = Release|Any CPU
		{40F7F07F-8800-47E3-B36D-DC968CC7844A}.Release|Any CPU.Build.0 = Release|Any CPU
		{40F7F07F-8800-47E3-B36D-DC968CC7844A}.Release|arm64.ActiveCfg = Release|Any CPU
		{40F7F07F-8800-47E3-B36D-DC968CC7844A}.Release|arm64.Build.0 = Release|Any CPU
		{40F7F07F-8800-47E3-B36D-DC968CC7844A}.Release|x86.ActiveCfg = Release|Any CPU
		{40F7F07F-8800-47E3-B36D-DC968CC7844A}.Release|x86.Build.0 = Release|Any CPU
	EndGlobalSection
	GlobalSection(SolutionProperties) = preSolution
		HideSolutionNode = FALSE
	EndGlobalSection
	GlobalSection(NestedProjects) = preSolution
		{5CC4928B-9916-4F15-98B9-606C1A3C49D7} = {1807E94B-12A3-4F32-9392-C5F1C63F2558}
		{2269D2ED-CE61-4F47-91BA-96C14F26CF34} = {1807E94B-12A3-4F32-9392-C5F1C63F2558}
		{69927D4C-00F9-4BB5-A073-32C24CD6DC5C} = {1807E94B-12A3-4F32-9392-C5F1C63F2558}
		{7BF3285F-318B-433B-8B85-378B79F3DB0C} = {1807E94B-12A3-4F32-9392-C5F1C63F2558}
		{A8CF1426-3940-4EF5-83C5-35FE37632446} = {1807E94B-12A3-4F32-9392-C5F1C63F2558}
		{0D04C690-2FCF-473F-8F45-65D5AA12A851} = {1807E94B-12A3-4F32-9392-C5F1C63F2558}
		{ED7637CD-1D53-4B2E-8AC4-5C6C6039B156} = {1807E94B-12A3-4F32-9392-C5F1C63F2558}
		{ED848D9C-3D41-464C-A042-1AB944035CBD} = {1807E94B-12A3-4F32-9392-C5F1C63F2558}
		{BB50623A-52F5-498B-9B72-E08E9BF90094} = {1807E94B-12A3-4F32-9392-C5F1C63F2558}
		{37482314-6298-4502-9E8A-C936422C4934} = {1807E94B-12A3-4F32-9392-C5F1C63F2558}
		{4F8539B2-A389-4FB9-9368-0E7C66CD3FA2} = {1807E94B-12A3-4F32-9392-C5F1C63F2558}
		{AB8C5667-92FB-42E3-96A5-A1426A0A09B0} = {1807E94B-12A3-4F32-9392-C5F1C63F2558}
		{5FD92216-C150-4118-8281-A200285C4FE0} = {CA30508C-62A9-4DF7-91E8-35905E0752CD}
		{9A0A3E03-D04A-4C59-ACE4-3F6FC8EAC334} = {CA30508C-62A9-4DF7-91E8-35905E0752CD}
		{3992E3B9-4D0C-4576-9A48-242212F6A3B2} = {CA30508C-62A9-4DF7-91E8-35905E0752CD}
		{08D83E44-3AAF-42A1-8F3A-1F3DC353B1F9} = {CA30508C-62A9-4DF7-91E8-35905E0752CD}
		{430E3ED3-69C8-4D80-8384-DBED314DA34E} = {CA30508C-62A9-4DF7-91E8-35905E0752CD}
		{991A3263-45BB-4086-A8D5-F9F14409B85D} = {CA30508C-62A9-4DF7-91E8-35905E0752CD}
		{27FACE07-56C8-4CEB-B3A1-02DC05D33AEB} = {C1F7E7A2-024C-430D-A4E3-27685B2E8206}
		{2E2AB77F-9953-4B4A-ADF2-C69BD2F5C2A2} = {C1F7E7A2-024C-430D-A4E3-27685B2E8206}
		{96F6196F-A31A-46BC-B6E0-5EF0A61B9907} = {C1F7E7A2-024C-430D-A4E3-27685B2E8206}
		{36E168FE-8C4E-4C8D-9003-B6B516B66842} = {2E2AB77F-9953-4B4A-ADF2-C69BD2F5C2A2}
		{8DF8F492-9488-47B8-B33A-77CC11B5AE9A} = {2E2AB77F-9953-4B4A-ADF2-C69BD2F5C2A2}
		{72113E9C-839B-473D-AD68-86C1B625F770} = {2E2AB77F-9953-4B4A-ADF2-C69BD2F5C2A2}
		{90F1EB78-D144-40C6-B26A-35A38621E128} = {27FACE07-56C8-4CEB-B3A1-02DC05D33AEB}
		{6DD2430C-6587-422C-BEF0-40AB2032C1D8} = {27FACE07-56C8-4CEB-B3A1-02DC05D33AEB}
		{E46F4B04-CB95-4EF0-B973-B3E8FF31D7A8} = {27FACE07-56C8-4CEB-B3A1-02DC05D33AEB}
		{D1B531F2-ED78-48D4-BCA9-7344F1EB5AA2} = {27FACE07-56C8-4CEB-B3A1-02DC05D33AEB}
		{7C2ED596-A222-46E1-983D-153F09698303} = {27FACE07-56C8-4CEB-B3A1-02DC05D33AEB}
		{76667A2B-3D74-405D-A586-2A0554E15B81} = {27FACE07-56C8-4CEB-B3A1-02DC05D33AEB}
		{40F7F07F-8800-47E3-B36D-DC968CC7844A} = {27FACE07-56C8-4CEB-B3A1-02DC05D33AEB}
	EndGlobalSection
	GlobalSection(ExtensibilityGlobals) = postSolution
		SolutionGuid = {A504C160-DE3C-4462-98D8-1E90C7504578}
	EndGlobalSection
EndGlobal
